{
  "name": "CalmWave",
  "lockfileVersion": 3,
  "requires": true,
  "packages": {
    "": {
      "dependencies": {
        "@types/styled-components": "^5.1.34",
        "@types/styled-components-react-native": "^5.2.5"
      }
    },
    "node_modules/@types/hoist-non-react-statics": {
      "version": "3.3.6",
      "resolved": "https://registry.npmjs.org/@types/hoist-non-react-statics/-/hoist-non-react-statics-3.3.6.tgz",
      "integrity": "sha512-lPByRJUer/iN/xa4qpyL0qmL11DqNW81iU/IG1S3uvRUq4oKagz8VCxZjiWkumgt66YT3vOdDgZ0o32sGKtCEw==",
      "license": "MIT",
      "dependencies": {
        "@types/react": "*",
        "hoist-non-react-statics": "^3.3.0"
      }
    },
    "node_modules/@types/react": {
      "version": "19.1.3",
      "resolved": "https://registry.npmjs.org/@types/react/-/react-19.1.3.tgz",
      "integrity": "sha512-dLWQ+Z0CkIvK1J8+wrDPwGxEYFA4RAyHoZPxHVGspYmFVnwGSNT24cGIhFJrtfRnWVuW8X7NO52gCXmhkVUWGQ==",
      "license": "MIT",
      "dependencies": {
        "csstype": "^3.0.2"
      }
    },
    "node_modules/@types/react-native": {
      "version": "0.70.19",
      "resolved": "https://registry.npmjs.org/@types/react-native/-/react-native-0.70.19.tgz",
      "integrity": "sha512-c6WbyCgWTBgKKMESj/8b4w+zWcZSsCforson7UdXtXMecG3MxCinYi6ihhrHVPyUrVzORsvEzK8zg32z4pK6Sg==",
      "license": "MIT",
      "dependencies": {
        "@types/react": "*"
      }
    },
    "node_modules/@types/styled-components": {
      "version": "5.1.34",
      "resolved": "https://registry.npmjs.org/@types/styled-components/-/styled-components-5.1.34.tgz",
      "integrity": "sha512-mmiVvwpYklFIv9E8qfxuPyIt/OuyIrn6gMOAMOFUO3WJfSrSE+sGUoa4PiZj77Ut7bKZpaa6o1fBKS/4TOEvnA==",
      "license": "MIT",
      "dependencies": {
        "@types/hoist-non-react-statics": "*",
        "@types/react": "*",
        "csstype": "^3.0.2"
      }
    },
    "node_modules/@types/styled-components-react-native": {
      "version": "5.2.5",
      "resolved": "https://registry.npmjs.org/@types/styled-components-react-native/-/styled-components-react-native-5.2.5.tgz",
      "integrity": "sha512-hDYioy4gAusO9NJI0n1e0Dwne4zofRVjou8i+FdNNz4vOG/iEBS99Rl87ybytjx/WD3NXqZQJ5g98AA+ZW7JKA==",
      "license": "MIT",
      "dependencies": {
        "@types/react": "*",
        "@types/react-native": "^0.70",
        "@types/styled-components": "*"
      }
    },
    "node_modules/csstype": {
      "version": "3.1.3",
      "resolved": "https://registry.npmjs.org/csstype/-/csstype-3.1.3.tgz",
      "integrity": "sha512-M1uQkMl8rQK/szD0LNhtqxIPLpimGm8sOBwU7lLnCpSbTyY3yeU1Vc7l4KT5zT4s/yOxHH5O7tIuuLOCnLADRw==",
      "license": "MIT"
    },
    "node_modules/hoist-non-react-statics": {
      "version": "3.3.2",
      "resolved": "https://registry.npmjs.org/hoist-non-react-statics/-/hoist-non-react-statics-3.3.2.tgz",
      "integrity": "sha512-/gGivxi8JPKWNm/W0jSmzcMPpfpPLc3dY/6GxhX2hQ9iGj3aDfklV4ET7NjKpSinLpJ5vafa9iiGIEZg10SfBw==",
      "license": "BSD-3-Clause",
      "dependencies": {
        "react-is": "^16.7.0"
      }
    },
    "node_modules/react-is": {
      "version": "16.13.1",
      "resolved": "https://registry.npmjs.org/react-is/-/react-is-16.13.1.tgz",
      "integrity": "sha512-24e6ynE2H+OKt4kqsOvNd8kBpV65zoxbA4BVsEOB3ARVWQki/DHzaUoC5KuON/BiccDaCCTZBuOcfZs70kR8bQ==",
      "license": "MIT"
    }
  }
}
